{
  "name": "nhu-descargas",
  "version": "1.0.0",
  "lockfileVersion": 1,
  "requires": true,
  "dependencies": {
    "bootstrap.native": {
      "version": "2.0.27",
      "resolved": "https://registry.npmjs.org/bootstrap.native/-/bootstrap.native-2.0.27.tgz",
      "integrity": "sha512-gv2eN4zXHOLN/oPotTxb8CJr9Dk0xlM9YURyHCWjq1Lyt2I669bri/Bp8b0HPOKX7JqRVh+Sk/VwEe0OcQN2fw=="
    }
  }
}
